
Microsoft Visual Studio Solution File, Format Version 12.00
# Visual Studio Version 17
VisualStudioVersion = 17.5.33530.505
MinimumVisualStudioVersion = 10.0.40219.1
Project("{FAE04EC0-301F-11D3-BF4B-00C04F79EFBC}") = "TelegramWebApIForJavaCourse", "TelegramWebApIForJavaCourse.csproj", "{64D4D65A-2E70-45D1-99C1-77892B921E42}"
EndProject
Global
	GlobalSection(SolutionConfigurationPlatforms) = preSolution
		Debug|Any CPU = Debug|Any CPU
		Release|Any CPU = Release|Any CPU
	EndGlobalSection
	GlobalSection(ProjectConfigurationPlatforms) = postSolution
		{64D4D65A-2E70-45D1-99C1-77892B921E42}.Debug|Any CPU.ActiveCfg = Debug|Any CPU
		{64D4D65A-2E70-45D1-99C1-77892B921E42}.Debug|Any CPU.Build.0 = Debug|Any CPU
		{64D4D65A-2E70-45D1-99C1-77892B921E42}.Release|Any CPU.ActiveCfg = Release|Any CPU
		{64D4D65A-2E70-45D1-99C1-77892B921E42}.Release|Any CPU.Build.0 = Release|Any CPU
	EndGlobalSection
	GlobalSection(SolutionProperties) = preSolution
		HideSolutionNode = FALSE
	EndGlobalSection
	GlobalSection(ExtensibilityGlobals) = postSolution
		SolutionGuid = {CEA7983E-A453-47C4-9FC8-76FAAB600C0B}
	EndGlobalSection
EndGlobal
